PODS:
  - Capacitor (7.2.0):
    - CapacitorCordova
  - CapacitorApp (7.0.1):
    - Capacitor
  - CapacitorBrowser (7.0.1):
    - Capacitor
  - CapacitorCordova (7.2.0)
  - CapacitorHaptics (7.0.1):
    - Capacitor
  - CapacitorKeyboard (7.0.1):
    - Capacitor
  - CryptoSwift (1.8.3)

DEPENDENCIES:
  - "Capacitor (from `../../../../../node_modules/@capacitor/ios`)"
  - "CapacitorApp (from `../../../../../node_modules/@capacitor/app`)"
  - "CapacitorBrowser (from `../../../../../node_modules/@capacitor/browser`)"
  - "CapacitorCordova (from `../../../../../node_modules/@capacitor/ios`)"
  - "CapacitorHaptics (from `../../../../../node_modules/@capacitor/haptics`)"
  - "CapacitorKeyboard (from `../../../../../node_modules/@capacitor/keyboard`)"
  - CryptoSwift (~> 1.8.3)

SPEC REPOS:
  trunk:
    - CryptoSwift

EXTERNAL SOURCES:
  Capacitor:
    :path: "../../../../../node_modules/@capacitor/ios"
  CapacitorApp:
    :path: "../../../../../node_modules/@capacitor/app"
  CapacitorBrowser:
    :path: "../../../../../node_modules/@capacitor/browser"
  CapacitorCordova:
    :path: "../../../../../node_modules/@capacitor/ios"
  CapacitorHaptics:
    :path: "../../../../../node_modules/@capacitor/haptics"
  CapacitorKeyboard:
    :path: "../../../../../node_modules/@capacitor/keyboard"

SPEC CHECKSUMS:
  Capacitor: 106e7a4205f4618d582b886a975657c61179138d
  CapacitorApp: d63334c052278caf5d81585d80b21905c6f93f39
  CapacitorBrowser: 081852cf532acf77b9d2953f3a88fe5b9711fb06
  CapacitorCordova: 5967b9ba03915ef1d585469d6e31f31dc49be96f
  CapacitorHaptics: 70e47470fa1a6bd6338cd102552e3846b7f9a1b3
  CapacitorKeyboard: 969647d0ca2e5c737d7300088e2517aa832434e2
  CryptoSwift: 967f37cea5a3294d9cce358f78861652155be483

PODFILE CHECKSUM: bd61c17ff51f31ae55ec8dc579da83fda7bb51cb

COCOAPODS: 1.16.2
